version: 2.0
shards:
  cluster_tools:
    git: https://github.com/cnf-testsuite/cluster_tools.git
    version: 1.0.0

  docker_client:
    git: https://github.com/cnf-testsuite/docker_client.git
    version: 1.0.0

  kernel_introspection:
    git: https://github.com/cnf-testsuite/kernel_introspection.git
    version: 0.1.0

  kubectl_client:
    git: https://github.com/cnf-testsuite/kubectl_client.git
    version: 1.0.1

  popcorn:
    git: https://github.com/icyleaf/popcorn.git
    version: 0.3.0

  totem:
    git: https://github.com/icyleaf/totem.git
    version: 0.7.0

